
Microsoft Visual Studio Solution File, Format Version 12.00
# Visual Studio Version 16
VisualStudioVersion = 16.0.30517.126
MinimumVisualStudioVersion = 10.0.40219.1
Project("{9A19103F-16F7-4668-BE54-9A1E7A4F7556}") = "FakeAsync", "FakeTime\FakeAsync.csproj", "{1F589D5D-FE60-4F70-B3A5-B7924CC3AC7C}"
EndProject
Project("{9A19103F-16F7-4668-BE54-9A1E7A4F7556}") = "Tests", "Tests\Tests.csproj", "{51F751E6-18DB-4042-B5C0-1E469EF5DAC3}"
EndProject
Project("{9A19103F-16F7-4668-BE54-9A1E7A4F7556}") = "TieredCompilationTest1", "TieredCompilcationTests\TieredCompilationTest1.csproj", "{37C638BB-32B2-44D8-A79F-3290411DA1D7}"
EndProject
Project("{9A19103F-16F7-4668-BE54-9A1E7A4F7556}") = "TieredCompilationTest2", "TieredCompilationTest2\TieredCompilationTest2.csproj", "{A9BD012C-6116-4303-86C2-AFFD6030A42B}"
EndProject
Project("{9A19103F-16F7-4668-BE54-9A1E7A4F7556}") = "TieredCompilationTest3", "TieredCompilationTest3\TieredCompilationTest3.csproj", "{0437FEE4-8391-4837-8B8F-3A829DF65A83}"
EndProject
Project("{9A19103F-16F7-4668-BE54-9A1E7A4F7556}") = "MixedTaskSchedulersAndDelay", "MixedTaskSchedulersAndDelay\MixedTaskSchedulersAndDelay.csproj", "{1F8BE723-D0ED-4480-9143-28D75C59F371}"
EndProject
Global
	GlobalSection(SolutionConfigurationPlatforms) = preSolution
		Debug|Any CPU = Debug|Any CPU
		Release|Any CPU = Release|Any CPU
	EndGlobalSection
	GlobalSection(ProjectConfigurationPlatforms) = postSolution
		{1F589D5D-FE60-4F70-B3A5-B7924CC3AC7C}.Debug|Any CPU.ActiveCfg = Debug|Any CPU
		{1F589D5D-FE60-4F70-B3A5-B7924CC3AC7C}.Debug|Any CPU.Build.0 = Debug|Any CPU
		{1F589D5D-FE60-4F70-B3A5-B7924CC3AC7C}.Release|Any CPU.ActiveCfg = Release|Any CPU
		{1F589D5D-FE60-4F70-B3A5-B7924CC3AC7C}.Release|Any CPU.Build.0 = Release|Any CPU
		{51F751E6-18DB-4042-B5C0-1E469EF5DAC3}.Debug|Any CPU.ActiveCfg = Debug|Any CPU
		{51F751E6-18DB-4042-B5C0-1E469EF5DAC3}.Debug|Any CPU.Build.0 = Debug|Any CPU
		{51F751E6-18DB-4042-B5C0-1E469EF5DAC3}.Release|Any CPU.ActiveCfg = Release|Any CPU
		{51F751E6-18DB-4042-B5C0-1E469EF5DAC3}.Release|Any CPU.Build.0 = Release|Any CPU
		{37C638BB-32B2-44D8-A79F-3290411DA1D7}.Debug|Any CPU.ActiveCfg = Debug|Any CPU
		{37C638BB-32B2-44D8-A79F-3290411DA1D7}.Debug|Any CPU.Build.0 = Debug|Any CPU
		{37C638BB-32B2-44D8-A79F-3290411DA1D7}.Release|Any CPU.ActiveCfg = Release|Any CPU
		{37C638BB-32B2-44D8-A79F-3290411DA1D7}.Release|Any CPU.Build.0 = Release|Any CPU
		{A9BD012C-6116-4303-86C2-AFFD6030A42B}.Debug|Any CPU.ActiveCfg = Debug|Any CPU
		{A9BD012C-6116-4303-86C2-AFFD6030A42B}.Debug|Any CPU.Build.0 = Debug|Any CPU
		{A9BD012C-6116-4303-86C2-AFFD6030A42B}.Release|Any CPU.ActiveCfg = Release|Any CPU
		{A9BD012C-6116-4303-86C2-AFFD6030A42B}.Release|Any CPU.Build.0 = Release|Any CPU
		{0437FEE4-8391-4837-8B8F-3A829DF65A83}.Debug|Any CPU.ActiveCfg = Debug|Any CPU
		{0437FEE4-8391-4837-8B8F-3A829DF65A83}.Debug|Any CPU.Build.0 = Debug|Any CPU
		{0437FEE4-8391-4837-8B8F-3A829DF65A83}.Release|Any CPU.ActiveCfg = Release|Any CPU
		{0437FEE4-8391-4837-8B8F-3A829DF65A83}.Release|Any CPU.Build.0 = Release|Any CPU
		{1F8BE723-D0ED-4480-9143-28D75C59F371}.Debug|Any CPU.ActiveCfg = Debug|Any CPU
		{1F8BE723-D0ED-4480-9143-28D75C59F371}.Debug|Any CPU.Build.0 = Debug|Any CPU
		{1F8BE723-D0ED-4480-9143-28D75C59F371}.Release|Any CPU.ActiveCfg = Release|Any CPU
		{1F8BE723-D0ED-4480-9143-28D75C59F371}.Release|Any CPU.Build.0 = Release|Any CPU
	EndGlobalSection
	GlobalSection(SolutionProperties) = preSolution
		HideSolutionNode = FALSE
	EndGlobalSection
	GlobalSection(ExtensibilityGlobals) = postSolution
		SolutionGuid = {7A1C1BC6-9C54-4238-9D59-0B669B6720CD}
	EndGlobalSection
EndGlobal
